
Microsoft Visual Studio Solution File, Format Version 12.00
Project("{FAE04EC0-301F-11D3-BF4B-00C04F79EFBC}") = "Backend", "Backend\Backend.csproj", "{3FE19698-126A-49D2-9418-60532EEB2B60}"
EndProject
Project("{FAE04EC0-301F-11D3-BF4B-00C04F79EFBC}") = "Tests", "Tests\Tests.csproj", "{52A4F8DE-6ACF-4B82-A3D9-3A8E78E732DB}"
EndProject
Project("{FAE04EC0-301F-11D3-BF4B-00C04F79EFBC}") = "Common", "Backend\Common\Common.csproj", "{9205D04A-FB7E-4A02-AF3D-8C04CA8C700A}"
EndProject
Global
	GlobalSection(SolutionConfigurationPlatforms) = preSolution
		Debug|Any CPU = Debug|Any CPU
		Release|Any CPU = Release|Any CPU
	EndGlobalSection
	GlobalSection(ProjectConfigurationPlatforms) = postSolution
		{3FE19698-126A-49D2-9418-60532EEB2B60}.Debug|Any CPU.ActiveCfg = Debug|Any CPU
		{3FE19698-126A-49D2-9418-60532EEB2B60}.Debug|Any CPU.Build.0 = Debug|Any CPU
		{3FE19698-126A-49D2-9418-60532EEB2B60}.Release|Any CPU.ActiveCfg = Release|Any CPU
		{3FE19698-126A-49D2-9418-60532EEB2B60}.Release|Any CPU.Build.0 = Release|Any CPU
		{52A4F8DE-6ACF-4B82-A3D9-3A8E78E732DB}.Debug|Any CPU.ActiveCfg = Debug|Any CPU
		{52A4F8DE-6ACF-4B82-A3D9-3A8E78E732DB}.Debug|Any CPU.Build.0 = Debug|Any CPU
		{52A4F8DE-6ACF-4B82-A3D9-3A8E78E732DB}.Release|Any CPU.ActiveCfg = Release|Any CPU
		{52A4F8DE-6ACF-4B82-A3D9-3A8E78E732DB}.Release|Any CPU.Build.0 = Release|Any CPU
		{9205D04A-FB7E-4A02-AF3D-8C04CA8C700A}.Debug|Any CPU.ActiveCfg = Debug|Any CPU
		{9205D04A-FB7E-4A02-AF3D-8C04CA8C700A}.Debug|Any CPU.Build.0 = Debug|Any CPU
		{9205D04A-FB7E-4A02-AF3D-8C04CA8C700A}.Release|Any CPU.ActiveCfg = Release|Any CPU
		{9205D04A-FB7E-4A02-AF3D-8C04CA8C700A}.Release|Any CPU.Build.0 = Release|Any CPU
	EndGlobalSection
EndGlobal
